
Microsoft Visual Studio Solution File, Format Version 12.00
# Visual Studio 2013
VisualStudioVersion = 12.0.21005.1
MinimumVisualStudioVersion = 10.0.40219.1
Project("{FAE04EC0-301F-11D3-BF4B-00C04F79EFBC}") = "MVCBlankWebAPP", "MVCBlankWebAPP\MVCBlankWebAPP.csproj", "{0675D772-8125-4821-869C-15331448A550}"
EndProject
Project("{FAE04EC0-301F-11D3-BF4B-00C04F79EFBC}") = "MVCBlankWebAPP.Tests", "MVCBlankWebAPP.Tests\MVCBlankWebAPP.Tests.csproj", "{3FFF67A4-3FCC-407E-B0A0-914B8FD38625}"
EndProject
Global
	GlobalSection(SolutionConfigurationPlatforms) = preSolution
		Debug|Any CPU = Debug|Any CPU
		Release|Any CPU = Release|Any CPU
	EndGlobalSection
	GlobalSection(ProjectConfigurationPlatforms) = postSolution
		{0675D772-8125-4821-869C-15331448A550}.Debug|Any CPU.ActiveCfg = Debug|Any CPU
		{0675D772-8125-4821-869C-15331448A550}.Debug|Any CPU.Build.0 = Debug|Any CPU
		{0675D772-8125-4821-869C-15331448A550}.Release|Any CPU.ActiveCfg = Release|Any CPU
		{0675D772-8125-4821-869C-15331448A550}.Release|Any CPU.Build.0 = Release|Any CPU
		{3FFF67A4-3FCC-407E-B0A0-914B8FD38625}.Debug|Any CPU.ActiveCfg = Debug|Any CPU
		{3FFF67A4-3FCC-407E-B0A0-914B8FD38625}.Debug|Any CPU.Build.0 = Debug|Any CPU
		{3FFF67A4-3FCC-407E-B0A0-914B8FD38625}.Release|Any CPU.ActiveCfg = Release|Any CPU
		{3FFF67A4-3FCC-407E-B0A0-914B8FD38625}.Release|Any CPU.Build.0 = Release|Any CPU
	EndGlobalSection
	GlobalSection(SolutionProperties) = preSolution
		HideSolutionNode = FALSE
	EndGlobalSection
EndGlobal
